// !$*UTF8*$!
{
	archiveVersion = 1;
	classes = {
	};
	objectVersion = 46;
	objects = {

/* Begin PBXBuildFile section */
		5ADEB2181C39F17900669ABB /* AppDelegate.swift in Sources */ = {isa = PBXBuildFile; fileRef = 5ADEB2171C39F17900669ABB /* AppDelegate.swift */; };
		5ADEB21A1C39F17900669ABB /* ViewController.swift in Sources */ = {isa = PBXBuildFile; fileRef = 5ADEB2191C39F17900669ABB /* ViewController.swift */; };
		5ADEB21D1C39F17900669ABB /* Main.storyboard in Resources */ = {isa = PBXBuildFile; fileRef = 5ADEB21B1C39F17900669ABB /* Main.storyboard */; };
		5ADEB21F1C39F17900669ABB /* Assets.xcassets in Resources */ = {isa = PBXBuildFile; fileRef = 5ADEB21E1C39F17900669ABB /* Assets.xcassets */; };
		5ADEB2221C39F17900669ABB /* LaunchScreen.storyboard in Resources */ = {isa = PBXBuildFile; fileRef = 5ADEB2201C39F17900669ABB /* LaunchScreen.storyboard */; };
/* End PBXBuildFile section */

/* Begin PBXFileReference section */
		5ADEB2141C39F17900669ABB /* Downloading web content.app */ = {isa = PBXFileReference; explicitFileType = wrapper.application; includeInIndex = 0; path = "Downloading web content.app"; sourceTree = BUILT_PRODUCTS_DIR; };
		5ADEB2171C39F17900669ABB /* AppDelegate.swift */ = {isa = PBXFileReference; lastKnownFileType = sourcecode.swift; path = AppDelegate.swift; sourceTree = "<group>"; };
		5ADEB2191C39F17900669ABB /* ViewController.swift */ = {isa = PBXFileReference; lastKnownFileType = sourcecode.swift; path = ViewController.swift; sourceTree = "<group>"; };
		5ADEB21C1C39F17900669ABB /* Base */ = {isa = PBXFileReference; lastKnownFileType = file.storyboard; name = Base; path = Base.lproj/Main.storyboard; sourceTree = "<group>"; };
		5ADEB21E1C39F17900669ABB /* Assets.xcassets */ = {isa = PBXFileReference; lastKnownFileType = folder.assetcatalog; path = Assets.xcassets; sourceTree = "<group>"; };
		5ADEB2211C39F17900669ABB /* Base */ = {isa = PBXFileReference; lastKnownFileType = file.storyboard; name = Base; path = Base.lproj/LaunchScreen.storyboard; sourceTree = "<group>"; };
		5ADEB2231C39F17900669ABB /* Info.plist */ = {isa = PBXFileReference; lastKnownFileType = text.plist.xml; path = Info.plist; sourceTree = "<group>"; };
/* End PBXFileReference section */

/* Begin PBXFrameworksBuildPhase section */
		5ADEB2111C39F17900669ABB /* Frameworks */ = {
			isa = PBXFrameworksBuildPhase;
			buildActionMask = 2147483647;
			files = (
			);
			runOnlyForDeploymentPostprocessing = 0;
		};
/* End PBXFrameworksBuildPhase section */

/* Begin PBXGroup section */
		5ADEB20B1C39F17900669ABB = {
			isa = PBXGroup;
			children = (
				5ADEB2161C39F17900669ABB /* Downloading web content */,
				5ADEB2151C39F17900669ABB /* Products */,
			);
			sourceTree = "<group>";
		};
		5ADEB2151C39F17900669ABB /* Products */ = {
			isa = PBXGroup;
			children = (
				5ADEB2141C39F17900669ABB /* Downloading web content.app */,
			);
			name = Products;
			sourceTree = "<group>";
		};
		5ADEB2161C39F17900669ABB /* Downloading web content */ = {
			isa = PBXGroup;
			children = (
				5ADEB2171C39F17900669ABB /* AppDelegate.swift */,
				5ADEB2191C39F17900669ABB /* ViewController.swift */,
				5ADEB21B1C39F17900669ABB /* Main.storyboard */,
				5ADEB21E1C39F17900669ABB /* Assets.xcassets */,
				5ADEB2201C39F17900669ABB /* LaunchScreen.storyboard */,
				5ADEB2231C39F17900669ABB /* Info.plist */,
			);
			path = "Downloading web content";
			sourceTree = "<group>";
		};
/* End PBXGroup section */

/* Begin PBXNativeTarget section */
		5ADEB2131C39F17900669ABB /* Downloading web content */ = {
			isa = PBXNativeTarget;
			buildConfigurationList = 5ADEB2261C39F17900669ABB /* Build configuration list for PBXNativeTarget "Downloading web content" */;
			buildPhases = (
				5ADEB2101C39F17900669ABB /* Sources */,
				5ADEB2111C39F17900669ABB /* Frameworks */,
				5ADEB2121C39F17900669ABB /* Resources */,
			);
			buildRules = (
			);
			dependencies = (
			);
			name = "Downloading web content";
			productName = "Downloading web content";
			productReference = 5ADEB2141C39F17900669ABB /* Downloading web content.app */;
			productType = "com.apple.product-type.application";
		};
/* End PBXNativeTarget section */

/* Begin PBXProject section */
		5ADEB20C1C39F17900669ABB /* Project object */ = {
			isa = PBXProject;
			attributes = {
				LastSwiftUpdateCheck = 0720;
				LastUpgradeCheck = 0720;
				ORGANIZATIONNAME = dancho;
				TargetAttributes = {
					5ADEB2131C39F17900669ABB = {
						CreatedOnToolsVersion = 7.2;
					};
				};
			};
			buildConfigurationList = 5ADEB20F1C39F17900669ABB /* Build configuration list for PBXProject "Downloading web content" */;
			compatibilityVersion = "Xcode 3.2";
			developmentRegion = English;
			hasScannedForEncodings = 0;
			knownRegions = (
				en,
				Base,
			);
			mainGroup = 5ADEB20B1C39F17900669ABB;
			productRefGroup = 5ADEB2151C39F17900669ABB /* Products */;
			projectDirPath = "";
			projectRoot = "";
			targets = (
				5ADEB2131C39F17900669ABB /* Downloading web content */,
			);
		};
/* End PBXProject section */

/* Begin PBXResourcesBuildPhase section */
		5ADEB2121C39F17900669ABB /* Resources */ = {
			isa = PBXResourcesBuildPhase;
			buildActionMask = 2147483647;
			files = (
				5ADEB2221C39F17900669ABB /* LaunchScreen.storyboard in Resources */,
				5ADEB21F1C39F17900669ABB /* Assets.xcassets in Resources */,
				5ADEB21D1C39F17900669ABB /* Main.storyboard in Resources */,
			);
			runOnlyForDeploymentPostprocessing = 0;
		};
/* End PBXResourcesBuildPhase section */

/* Begin PBXSourcesBuildPhase section */
		5ADEB2101C39F17900669ABB /* Sources */ = {
			isa = PBXSourcesBuildPhase;
			buildActionMask = 2147483647;
			files = (
				5ADEB21A1C39F17900669ABB /* ViewController.swift in Sources */,
				5ADEB2181C39F17900669ABB /* AppDelegate.swift in Sources */,
			);
			runOnlyForDeploymentPostprocessing = 0;
		};
/* End PBXSourcesBuildPhase section */

/* Begin PBXVariantGroup section */
		5ADEB21B1C39F17900669ABB /* Main.storyboard */ = {
			isa = PBXVariantGroup;
			children = (
				5ADEB21C1C39F17900669ABB /* Base */,
			);
			name = Main.storyboard;
			sourceTree = "<group>";
		};
		5ADEB2201C39F17900669ABB /* LaunchScreen.storyboard */ = {
			isa = PBXVariantGroup;
			children = (
				5ADEB2211C39F17900669ABB /* Base */,
			);
			name = LaunchScreen.storyboard;
			sourceTree = "<group>";
		};
/* End PBXVariantGroup section */

/* Begin XCBuildConfiguration section */
		5ADEB2241C39F17900669ABB /* Debug */ = {
			isa = XCBuildConfiguration;
			buildSettings = {
				ALWAYS_SEARCH_USER_PATHS = NO;
				CLANG_CXX_LANGUAGE_STANDARD = "gnu++0x";
				CLANG_CXX_LIBRARY = "libc++";
				CLANG_ENABLE_MODULES = YES;
				CLANG_ENABLE_OBJC_ARC = YES;
				CLANG_WARN_BOOL_CONVERSION = YES;
				CLANG_WARN_CONSTANT_CONVERSION = YES;
				CLANG_WARN_DIRECT_OBJC_ISA_USAGE = YES_ERROR;
				CLANG_WARN_EMPTY_BODY = YES;
				CLANG_WARN_ENUM_CONVERSION = YES;
				CLANG_WARN_INT_CONVERSION = YES;
				CLANG_WARN_OBJC_ROOT_CLASS = YES_ERROR;
				CLANG_WARN_UNREACHABLE_CODE = YES;
				CLANG_WARN__DUPLICATE_METHOD_MATCH = YES;
				"CODE_SIGN_IDENTITY[sdk=iphoneos*]" = "iPhone Developer";
				COPY_PHASE_STRIP = NO;
				DEBUG_INFORMATION_FORMAT = dwarf;
				ENABLE_STRICT_OBJC_MSGSEND = YES;
				ENABLE_TESTABILITY = YES;
				GCC_C_LANGUAGE_STANDARD = gnu99;
				GCC_DYNAMIC_NO_PIC = NO;
				GCC_NO_COMMON_BLOCKS = YES;
				GCC_OPTIMIZATION_LEVEL = 0;
				GCC_PREPROCESSOR_DEFINITIONS = (
					"DEBUG=1",
					"$(inherited)",
				);
				GCC_WARN_64_TO_32_BIT_CONVERSION = YES;
				GCC_WARN_ABOUT_RETURN_TYPE = YES_ERROR;
				GCC_WARN_UNDECLARED_SELECTOR = YES;
				GCC_WARN_UNINITIALIZED_AUTOS = YES_AGGRESSIVE;
				GCC_WARN_UNUSED_FUNCTION = YES;
				GCC_WARN_UNUSED_VARIABLE = YES;
				IPHONEOS_DEPLOYMENT_TARGET = 9.2;
				MTL_ENABLE_DEBUG_INFO = YES;
				ONLY_ACTIVE_ARCH = YES;
				SDKROOT = iphoneos;
				SWIFT_OPTIMIZATION_LEVEL = "-Onone";
			};
			name = Debug;
		};
		5ADEB2251C39F17900669ABB /* Release */ = {
			isa = XCBuildConfiguration;
			buildSettings = {
				ALWAYS_SEARCH_USER_PATHS = NO;
				CLANG_CXX_LANGUAGE_STANDARD = "gnu++0x";
				CLANG_CXX_LIBRARY = "libc++";
				CLANG_ENABLE_MODULES = YES;
				CLANG_ENABLE_OBJC_ARC = YES;
				CLANG_WARN_BOOL_CONVERSION = YES;
				CLANG_WARN_CONSTANT_CONVERSION = YES;
				CLANG_WARN_DIRECT_OBJC_ISA_USAGE = YES_ERROR;
				CLANG_WARN_EMPTY_BODY = YES;
				CLANG_WARN_ENUM_CONVERSION = YES;
				CLANG_WARN_INT_CONVERSION = YES;
				CLANG_WARN_OBJC_ROOT_CLASS = YES_ERROR;
				CLANG_WARN_UNREACHABLE_CODE = YES;
				CLANG_WARN__DUPLICATE_METHOD_MATCH = YES;
				"CODE_SIGN_IDENTITY[sdk=iphoneos*]" = "iPhone Developer";
				COPY_PHASE_STRIP = NO;
				DEBUG_INFORMATION_FORMAT = "dwarf-with-dsym";
				ENABLE_NS_ASSERTIONS = NO;
				ENABLE_STRICT_OBJC_MSGSEND = YES;
				GCC_C_LANGUAGE_STANDARD = gnu99;
				GCC_NO_COMMON_BLOCKS = YES;
				GCC_WARN_64_TO_32_BIT_CONVERSION = YES;
				GCC_WARN_ABOUT_RETURN_TYPE = YES_ERROR;
				GCC_WARN_UNDECLARED_SELECTOR = YES;
				GCC_WARN_UNINITIALIZED_AUTOS = YES_AGGRESSIVE;
				GCC_WARN_UNUSED_FUNCTION = YES;
				GCC_WARN_UNUSED_VARIABLE = YES;
				IPHONEOS_DEPLOYMENT_TARGET = 9.2;
				MTL_ENABLE_DEBUG_INFO = NO;
				SDKROOT = iphoneos;
				VALIDATE_PRODUCT = YES;
			};
			name = Release;
		};
		5ADEB2271C39F17900669ABB /* Debug */ = {
			isa = XCBuildConfiguration;
			buildSettings = {
				ASSETCATALOG_COMPILER_APPICON_NAME = AppIcon;
				INFOPLIST_FILE = "Downloading web content/Info.plist";
				LD_RUNPATH_SEARCH_PATHS = "$(inherited) @executable_path/Frameworks";
				PRODUCT_BUNDLE_IDENTIFIER = "jp.dancho.Downloading-web-content";
				PRODUCT_NAME = "$(TARGET_NAME)";
			};
			name = Debug;
		};
		5ADEB2281C39F17900669ABB /* Release */ = {
			isa = XCBuildConfiguration;
			buildSettings = {
				ASSETCATALOG_COMPILER_APPICON_NAME = AppIcon;
				INFOPLIST_FILE = "Downloading web content/Info.plist";
				LD_RUNPATH_SEARCH_PATHS = "$(inherited) @executable_path/Frameworks";
				PRODUCT_BUNDLE_IDENTIFIER = "jp.dancho.Downloading-web-content";
				PRODUCT_NAME = "$(TARGET_NAME)";
			};
			name = Release;
		};
/* End XCBuildConfiguration section */

/* Begin XCConfigurationList section */
		5ADEB20F1C39F17900669ABB /* Build configuration list for PBXProject "Downloading web content" */ = {
			isa = XCConfigurationList;
			buildConfigurations = (
				5ADEB2241C39F17900669ABB /* Debug */,
				5ADEB2251C39F17900669ABB /* Release */,
			);
			defaultConfigurationIsVisible = 0;
			defaultConfigurationName = Release;
		};
		5ADEB2261C39F17900669ABB /* Build configuration list for PBXNativeTarget "Downloading web content" */ = {
			isa = XCConfigurationList;
			buildConfigurations = (
				5ADEB2271C39F17900669ABB /* Debug */,
				5ADEB2281C39F17900669ABB /* Release */,
			);
			defaultConfigurationIsVisible = 0;
		};
/* End XCConfigurationList section */
	};
	rootObject = 5ADEB20C1C39F17900669ABB /* Project object */;
}
